{
  "name": "5.0",
  "lockfileVersion": 3,
  "requires": true,
  "packages": {
    "": {
      "dependencies": {
        "types-registry": "^0.1.669"
      },
      "devDependencies": {
        "@types/bcrypt": "^5.0.2",
        "@types/body-parser": "^1.19.5",
        "@types/cookie-parser": "^1.4.6",
        "@types/express": "^4.17.21",
        "@types/express-session": "^1.17.10",
        "@types/merge-descriptors": "^1.0.3",
        "@types/node": "^20.9.0",
        "@types/nodemon": "^1.19.5",
        "@types/passport": "^1.0.15",
        "@types/passport-github": "^1.1.12",
        "@types/passport-local": "^1.0.38",
        "@types/passport.socketio": "^3.7.10",
        "@types/pug": "^2.0.9",
        "@types/serve-static": "^1.15.5"
      }
    },
    "node_modules/@socket.io/component-emitter": {
      "version": "3.1.0",
      "resolved": "https://registry.npmjs.org/@socket.io/component-emitter/-/component-emitter-3.1.0.tgz",
      "integrity": "sha512-+9jVqKhRSpsc591z5vX+X5Yyw+he/HCB4iQ/RYxw35CEPaY1gnsNE43nf9n9AaYjAQrTiI/mOwKUKdUs9vf7Xg==",
      "dev": true
    },
    "node_modules/@types/bcrypt": {
      "version": "5.0.2",
      "resolved": "https://registry.npmjs.org/@types/bcrypt/-/bcrypt-5.0.2.tgz",
      "integrity": "sha512-6atioO8Y75fNcbmj0G7UjI9lXN2pQ/IGJ2FWT4a/btd0Lk9lQalHLKhkgKVZ3r+spnmWUKfbMi1GEe9wyHQfNQ==",
      "dev": true,
      "dependencies": {
        "@types/node": "*"
      }
    },
    "node_modules/@types/body-parser": {
      "version": "1.19.5",
      "resolved": "https://registry.npmjs.org/@types/body-parser/-/body-parser-1.19.5.tgz",
      "integrity": "sha512-fB3Zu92ucau0iQ0JMCFQE7b/dv8Ot07NI3KaZIkIUNXq82k4eBAqUaneXfleGY9JWskeS9y+u0nXMyspcuQrCg==",
      "dev": true,
      "dependencies": {
        "@types/connect": "*",
        "@types/node": "*"
      }
    },
    "node_modules/@types/connect": {
      "version": "3.4.38",
      "resolved": "https://registry.npmjs.org/@types/connect/-/connect-3.4.38.tgz",
      "integrity": "sha512-K6uROf1LD88uDQqJCktA4yzL1YYAK6NgfsI0v/mTgyPKWsX1CnJ0XPSDhViejru1GcRkLWb8RlzFYJRqGUbaug==",
      "dev": true,
      "dependencies": {
        "@types/node": "*"
      }
    },
    "node_modules/@types/cookie-parser": {
      "version": "1.4.6",
      "resolved": "https://registry.npmjs.org/@types/cookie-parser/-/cookie-parser-1.4.6.tgz",
      "integrity": "sha512-KoooCrD56qlLskXPLGUiJxOMnv5l/8m7cQD2OxJ73NPMhuSz9PmvwRD6EpjDyKBVrdJDdQ4bQK7JFNHnNmax0w==",
      "dev": true,
      "dependencies": {
        "@types/express": "*"
      }
    },
    "node_modules/@types/engine.io": {
      "version": "3.1.10",
      "resolved": "https://registry.npmjs.org/@types/engine.io/-/engine.io-3.1.10.tgz",
      "integrity": "sha512-tmuKBF+q3h0nZ075osSKJ55nmvL5lWDjU8+QS/8XZT1YQ4xrxNSW3wXbjeMs8RugGxVpHAEnf9kXiRf7G94acw==",
      "dev": true,
      "dependencies": {
        "@types/node": "*"
      }
    },
    "node_modules/@types/express": {
      "version": "4.17.21",
      "resolved": "https://registry.npmjs.org/@types/express/-/express-4.17.21.tgz",
      "integrity": "sha512-ejlPM315qwLpaQlQDTjPdsUFSc6ZsP4AN6AlWnogPjQ7CVi7PYF3YVz+CY3jE2pwYf7E/7HlDAN0rV2GxTG0HQ==",
      "dev": true,
      "dependencies": {
        "@types/body-parser": "*",
        "@types/express-serve-static-core": "^4.17.33",
        "@types/qs": "*",
        "@types/serve-static": "*"
      }
    },
    "node_modules/@types/express-serve-static-core": {
      "version": "4.17.41",
      "resolved": "https://registry.npmjs.org/@types/express-serve-static-core/-/express-serve-static-core-4.17.41.tgz",
      "integrity": "sha512-OaJ7XLaelTgrvlZD8/aa0vvvxZdUmlCn6MtWeB7TkiKW70BQLc9XEPpDLPdbo52ZhXUCrznlWdCHWxJWtdyajA==",
      "dev": true,
      "dependencies": {
        "@types/node": "*",
        "@types/qs": "*",
        "@types/range-parser": "*",
        "@types/send": "*"
      }
    },
    "node_modules/@types/express-session": {
      "version": "1.17.10",
      "resolved": "https://registry.npmjs.org/@types/express-session/-/express-session-1.17.10.tgz",
      "integrity": "sha512-U32bC/s0ejXijw5MAzyaV4tuZopCh/K7fPoUDyNbsRXHvPSeymygYD1RFL99YOLhF5PNOkzswvOTRaVHdL1zMw==",
      "dev": true,
      "dependencies": {
        "@types/express": "*"
      }
    },
    "node_modules/@types/http-errors": {
      "version": "2.0.4",
      "resolved": "https://registry.npmjs.org/@types/http-errors/-/http-errors-2.0.4.tgz",
      "integrity": "sha512-D0CFMMtydbJAegzOyHjtiKPLlvnm3iTZyZRSZoLq2mRhDdmLfIWOCYPfQJ4cu2erKghU++QvjcUjp/5h7hESpA==",
      "dev": true
    },
    "node_modules/@types/merge-descriptors": {
      "version": "1.0.3",
      "resolved": "https://registry.npmjs.org/@types/merge-descriptors/-/merge-descriptors-1.0.3.tgz",
      "integrity": "sha512-ZhU/HNM9R75TO8PBn0+zDi7tbYEygeraTjDHAkGpgFFKKEj/Al4RysG+oWyrRusPRDUvctaK+SYrw1m2SdLNNQ==",
      "dev": true
    },
    "node_modules/@types/mime": {
      "version": "1.3.5",
      "resolved": "https://registry.npmjs.org/@types/mime/-/mime-1.3.5.tgz",
      "integrity": "sha512-/pyBZWSLD2n0dcHE3hq8s8ZvcETHtEuF+3E7XVt0Ig2nvsVQXdghHVcEkIWjy9A0wKfTn97a/PSDYohKIlnP/w==",
      "dev": true
    },
    "node_modules/@types/node": {
      "version": "20.9.0",
      "resolved": "https://registry.npmjs.org/@types/node/-/node-20.9.0.tgz",
      "integrity": "sha512-nekiGu2NDb1BcVofVcEKMIwzlx4NjHlcjhoxxKBNLtz15Y1z7MYf549DFvkHSId02Ax6kGwWntIBPC3l/JZcmw==",
      "dev": true,
      "dependencies": {
        "undici-types": "~5.26.4"
      }
    },
    "node_modules/@types/nodemon": {
      "version": "1.19.5",
      "resolved": "https://registry.npmjs.org/@types/nodemon/-/nodemon-1.19.5.tgz",
      "integrity": "sha512-jUKYdrnwLp4jMztMdQEJnF4lBhthCfqE7P6cYCIy0txMJrSFtKqs2HjmyEsyQueLjZjve0IjJ1S+20DtgJpUjA==",
      "dev": true,
      "dependencies": {
        "@types/node": "*"
      }
    },
    "node_modules/@types/oauth": {
      "version": "0.9.4",
      "resolved": "https://registry.npmjs.org/@types/oauth/-/oauth-0.9.4.tgz",
      "integrity": "sha512-qk9orhti499fq5XxKCCEbd0OzdPZuancneyse3KtR+vgMiHRbh+mn8M4G6t64ob/Fg+GZGpa565MF/2dKWY32A==",
      "dev": true,
      "dependencies": {
        "@types/node": "*"
      }
    },
    "node_modules/@types/passport": {
      "version": "1.0.15",
      "resolved": "https://registry.npmjs.org/@types/passport/-/passport-1.0.15.tgz",
      "integrity": "sha512-oHOgzPBp5eLI1U/7421qYV/ZySQXMYCBSfRkDe1tQ0YrIbLY/M/76qIXE7Bs7lFyvw1x5QqiNQ9imvh0fQHe9Q==",
      "dev": true,
      "dependencies": {
        "@types/express": "*"
      }
    },
    "node_modules/@types/passport-github": {
      "version": "1.1.12",
      "resolved": "https://registry.npmjs.org/@types/passport-github/-/passport-github-1.1.12.tgz",
      "integrity": "sha512-VJpMEIH+cOoXB694QgcxuvWy2wPd1Oq3gqrg2Y9DMVBYs9TmH9L14qnqPDZsNMZKBDH+SvqRsGZj9SgHYeDgcA==",
      "dev": true,
      "dependencies": {
        "@types/express": "*",
        "@types/passport": "*",
        "@types/passport-oauth2": "*"
      }
    },
    "node_modules/@types/passport-local": {
      "version": "1.0.38",
      "resolved": "https://registry.npmjs.org/@types/passport-local/-/passport-local-1.0.38.tgz",
      "integrity": "sha512-nsrW4A963lYE7lNTv9cr5WmiUD1ibYJvWrpE13oxApFsRt77b0RdtZvKbCdNIY4v/QZ6TRQWaDDEwV1kCTmcXg==",
      "dev": true,
      "dependencies": {
        "@types/express": "*",
        "@types/passport": "*",
        "@types/passport-strategy": "*"
      }
    },
    "node_modules/@types/passport-oauth2": {
      "version": "1.4.15",
      "resolved": "https://registry.npmjs.org/@types/passport-oauth2/-/passport-oauth2-1.4.15.tgz",
      "integrity": "sha512-9cUTP/HStNSZmhxXGuRrBJfEWzIEJRub2eyJu3CvkA+8HAMc9W3aKdFhVq+Qz1hi42qn+GvSAnz3zwacDSYWpw==",
      "dev": true,
      "dependencies": {
        "@types/express": "*",
        "@types/oauth": "*",
        "@types/passport": "*"
      }
    },
    "node_modules/@types/passport-strategy": {
      "version": "0.2.38",
      "resolved": "https://registry.npmjs.org/@types/passport-strategy/-/passport-strategy-0.2.38.tgz",
      "integrity": "sha512-GC6eMqqojOooq993Tmnmp7AUTbbQSgilyvpCYQjT+H6JfG/g6RGc7nXEniZlp0zyKJ0WUdOiZWLBZft9Yug1uA==",
      "dev": true,
      "dependencies": {
        "@types/express": "*",
        "@types/passport": "*"
      }
    },
    "node_modules/@types/passport.socketio": {
      "version": "3.7.10",
      "resolved": "https://registry.npmjs.org/@types/passport.socketio/-/passport.socketio-3.7.10.tgz",
      "integrity": "sha512-zA9tV2htPnquxCg+stPhCbP7kDBlIO8v2ddk4fBHqvxtwzzHYj0FDGMt5YbaU2yCxyZ25a2nWCn8oY8z7s5Caw==",
      "dev": true,
      "dependencies": {
        "@types/express": "*",
        "@types/express-session": "*",
        "@types/passport": "*",
        "@types/socket.io": "2.1.13"
      }
    },
    "node_modules/@types/pug": {
      "version": "2.0.9",
      "resolved": "https://registry.npmjs.org/@types/pug/-/pug-2.0.9.tgz",
      "integrity": "sha512-Yg4LkgFYvn1faISbDNWmcAC1XoDT8IoMUFspp5mnagKk+UvD2N0IWt5A7GRdMubsNWqgCLmrkf8rXkzNqb4szA==",
      "dev": true
    },
    "node_modules/@types/qs": {
      "version": "6.9.10",
      "resolved": "https://registry.npmjs.org/@types/qs/-/qs-6.9.10.tgz",
      "integrity": "sha512-3Gnx08Ns1sEoCrWssEgTSJs/rsT2vhGP+Ja9cnnk9k4ALxinORlQneLXFeFKOTJMOeZUFD1s7w+w2AphTpvzZw==",
      "dev": true
    },
    "node_modules/@types/range-parser": {
      "version": "1.2.7",
      "resolved": "https://registry.npmjs.org/@types/range-parser/-/range-parser-1.2.7.tgz",
      "integrity": "sha512-hKormJbkJqzQGhziax5PItDUTMAM9uE2XXQmM37dyd4hVM+5aVl7oVxMVUiVQn2oCQFN/LKCZdvSM0pFRqbSmQ==",
      "dev": true
    },
    "node_modules/@types/send": {
      "version": "0.17.4",
      "resolved": "https://registry.npmjs.org/@types/send/-/send-0.17.4.tgz",
      "integrity": "sha512-x2EM6TJOybec7c52BX0ZspPodMsQUd5L6PRwOunVyVUhXiBSKf3AezDL8Dgvgt5o0UfKNfuA0eMLr2wLT4AiBA==",
      "dev": true,
      "dependencies": {
        "@types/mime": "^1",
        "@types/node": "*"
      }
    },
    "node_modules/@types/serve-static": {
      "version": "1.15.5",
      "resolved": "https://registry.npmjs.org/@types/serve-static/-/serve-static-1.15.5.tgz",
      "integrity": "sha512-PDRk21MnK70hja/YF8AHfC7yIsiQHn1rcXx7ijCFBX/k+XQJhQT/gw3xekXKJvx+5SXaMMS8oqQy09Mzvz2TuQ==",
      "dev": true,
      "dependencies": {
        "@types/http-errors": "*",
        "@types/mime": "*",
        "@types/node": "*"
      }
    },
    "node_modules/@types/socket.io": {
      "version": "2.1.13",
      "resolved": "https://registry.npmjs.org/@types/socket.io/-/socket.io-2.1.13.tgz",
      "integrity": "sha512-JRgH3nCgsWel4OPANkhH8TelpXvacAJ9VeryjuqCDiaVDMpLysd6sbt0dr6Z15pqH3p2YpOT3T1C5vQ+O/7uyg==",
      "dev": true,
      "dependencies": {
        "@types/engine.io": "*",
        "@types/node": "*",
        "@types/socket.io-parser": "*"
      }
    },
    "node_modules/@types/socket.io-parser": {
      "version": "3.0.0",
      "resolved": "https://registry.npmjs.org/@types/socket.io-parser/-/socket.io-parser-3.0.0.tgz",
      "integrity": "sha512-Ry/rbTE6HQNL9eu3LpL1Ocup5VexXu1bSSGlSho/IR5LuRc8YvxwSNJ3JxqTltVJEATLbZkMQETSbxfKNgp4Ew==",
      "deprecated": "This is a stub types definition. socket.io-parser provides its own type definitions, so you do not need this installed.",
      "dev": true,
      "dependencies": {
        "socket.io-parser": "*"
      }
    },
    "node_modules/debug": {
      "version": "4.3.4",
      "resolved": "https://registry.npmjs.org/debug/-/debug-4.3.4.tgz",
      "integrity": "sha512-PRWFHuSU3eDtQJPvnNY7Jcket1j0t5OuOsFzPPzsekD52Zl8qUfFIPEiswXqIvHWGVHOgX+7G/vCNNhehwxfkQ==",
      "dev": true,
      "dependencies": {
        "ms": "2.1.2"
      },
      "engines": {
        "node": ">=6.0"
      },
      "peerDependenciesMeta": {
        "supports-color": {
          "optional": true
        }
      }
    },
    "node_modules/ms": {
      "version": "2.1.2",
      "resolved": "https://registry.npmjs.org/ms/-/ms-2.1.2.tgz",
      "integrity": "sha512-sGkPx+VjMtmA6MX27oA4FBFELFCZZ4S4XqeGOXCv68tT+jb3vk/RyaKWP0PTKyWtmLSM0b+adUTEvbs1PEaH2w==",
      "dev": true
    },
    "node_modules/socket.io-parser": {
      "version": "4.2.4",
      "resolved": "https://registry.npmjs.org/socket.io-parser/-/socket.io-parser-4.2.4.tgz",
      "integrity": "sha512-/GbIKmo8ioc+NIWIhwdecY0ge+qVBSMdgxGygevmdHj24bsfgtCmcUUcQ5ZzcylGFHsN3k4HB4Cgkl96KVnuew==",
      "dev": true,
      "dependencies": {
        "@socket.io/component-emitter": "~3.1.0",
        "debug": "~4.3.1"
      },
      "engines": {
        "node": ">=10.0.0"
      }
    },
    "node_modules/types-registry": {
      "version": "0.1.669",
      "resolved": "https://registry.npmjs.org/types-registry/-/types-registry-0.1.669.tgz",
      "integrity": "sha512-4WUKdllExuW7O31xehiLqG/orxdKMHyZSLQAqj4EZevvxNZBhIJ7D9ggkr4daT+rLXdDdAsh3dDrq7AypcifkQ=="
    },
    "node_modules/undici-types": {
      "version": "5.26.5",
      "resolved": "https://registry.npmjs.org/undici-types/-/undici-types-5.26.5.tgz",
      "integrity": "sha512-JlCMO+ehdEIKqlFxk6IfVoAUVmgz7cU7zD/h9XZ0qzeosSHmUJVOzSQvvYSYWXkFXC+IfLKSIffhv0sVZup6pA==",
      "dev": true
    }
  }
}
